
Microsoft Visual Studio Solution File, Format Version 12.00
Project("{2150E333-8FDC-42A3-9474-1A3956D46DE8}") = "Meta", "Meta", "{528597EC-71D9-431E-A46E-B1F060A82A2A}"
	ProjectSection(SolutionItems) = preProject
		README.md = README.md
		LICENSE = LICENSE
		.gitignore = .gitignore
	EndProjectSection
EndProject
Project("{FAE04EC0-301F-11D3-BF4B-00C04F79EFBC}") = "KitCli.Instructions", "KitCli.Instructions\KitCli.Instructions.csproj", "{3DAF9443-CB74-4549-8032-551259B306FB}"
EndProject
Project("{FAE04EC0-301F-11D3-BF4B-00C04F79EFBC}") = "KitCli.Instructions.Tests", "KitCli.Instructions.Tests\KitCli.Instructions.Tests.csproj", "{93506C09-B06A-4498-AA93-836C22677798}"
EndProject
Project("{2150E333-8FDC-42A3-9474-1A3956D46DE8}") = "ADR", "ADR", "{B5381D3F-A87C-459E-BE0F-27B0AC6A1D56}"
	ProjectSection(SolutionItems) = preProject
		ADR\ynab-database-diagram.png = ADR\ynab-database-diagram.png
	EndProjectSection
EndProject
Project("{FAE04EC0-301F-11D3-BF4B-00C04F79EFBC}") = "KitCli", "KitCli\KitCli.csproj", "{1C607C1F-B2A8-4405-B5F9-224D8434FDA4}"
EndProject
Project("{FAE04EC0-301F-11D3-BF4B-00C04F79EFBC}") = "KitCli.Commands.Abstractions", "KitCli.Commands.Abstractions\KitCli.Commands.Abstractions.csproj", "{7C35BAED-D8AB-4EF7-9B31-3D71E6531907}"
EndProject
Project("{FAE04EC0-301F-11D3-BF4B-00C04F79EFBC}") = "KitCli.Instructions.Abstractions", "KitCli.Instructions.Abstractions\KitCli.Instructions.Abstractions.csproj", "{3956560E-7AB8-4C29-8CBD-A768B09A7AB6}"
EndProject
Project("{FAE04EC0-301F-11D3-BF4B-00C04F79EFBC}") = "KitCli.Workflow.Abstractions", "KitCli.Workflow.Abstractions\KitCli.Workflow.Abstractions.csproj", "{5559CF19-AA49-4A85-9B26-1FCC78CDAFC4}"
EndProject
Project("{FAE04EC0-301F-11D3-BF4B-00C04F79EFBC}") = "KitCli.Workflow", "KitCli.Workflow\KitCli.Workflow.csproj", "{D8B3A391-332F-4EC9-91B9-C857ECB38FD9}"
EndProject
Project("{FAE04EC0-301F-11D3-BF4B-00C04F79EFBC}") = "KitCli.Abstractions", "KitCli.Abstractions\KitCli.Abstractions.csproj", "{DB034198-8794-4A9D-89AC-E4057E5B9E41}"
EndProject
Project("{2150E333-8FDC-42A3-9474-1A3956D46DE8}") = "KitCli", "KitCli", "{68F25F73-18EB-4E65-80EB-1EDCAF174DFA}"
EndProject
Project("{FAE04EC0-301F-11D3-BF4B-00C04F79EFBC}") = "KitCli.Commands.Abstractions.Tests", "KitCli.Commands.Abstractions.Tests\KitCli.Commands.Abstractions.Tests.csproj", "{A1567276-A0D4-40B8-AAAC-91C9954D07D6}"
EndProject
Project("{FAE04EC0-301F-11D3-BF4B-00C04F79EFBC}") = "KitCli.Workflow.Tests", "KitCli.Workflow.Tests\KitCli.Workflow.Tests.csproj", "{FE24F92E-0149-45EE-B47C-455528237598}"
EndProject
Project("{FAE04EC0-301F-11D3-BF4B-00C04F79EFBC}") = "KitCli.Tests", "KitCli.Tests\KitCli.Tests.csproj", "{8D86F478-8F8E-4016-92B3-8009AEDB9E22}"
EndProject
Project("{FAE04EC0-301F-11D3-BF4B-00C04F79EFBC}") = "KitCli.Workflow.IntegrationTests", "KitCli.Workflow.IntegrationTests\KitCli.Workflow.IntegrationTests.csproj", "{F968D521-992F-4DEA-A507-2163895DC6BD}"
EndProject
Project("{FAE04EC0-301F-11D3-BF4B-00C04F79EFBC}") = "KitCli.Workflow.Commands", "KitCli.Workflow.Commands\KitCli.Workflow.Commands.csproj", "{93F796DA-1FC7-41BD-B6D0-428540648863}"
EndProject
Project("{FAE04EC0-301F-11D3-BF4B-00C04F79EFBC}") = "KitCli.Abstractions.Tests", "KitCli.Abstractions.Tests\KitCli.Abstractions.Tests.csproj", "{6A479A82-6A3C-4F09-BB16-0AA23E5C6BF1}"
EndProject
Project("{2150E333-8FDC-42A3-9474-1A3956D46DE8}") = "KitCli - Workflow", "KitCli - Workflow", "{880B2ACC-E940-4638-B640-B8DD8B123A2B}"
EndProject
Project("{2150E333-8FDC-42A3-9474-1A3956D46DE8}") = "KitCli - Instructions", "KitCli - Instructions", "{29430E48-BC3D-4BA4-812B-C4C63A83B90D}"
EndProject
Project("{2150E333-8FDC-42A3-9474-1A3956D46DE8}") = "KitCli - Commands", "KitCli - Commands", "{0A8161D5-5BA6-4A3E-8D8B-EE76ACEDA645}"
EndProject
Project("{FAE04EC0-301F-11D3-BF4B-00C04F79EFBC}") = "KitCli.Commands", "KitCli.Commands\KitCli.Commands.csproj", "{D7F3F3E5-2182-49FB-8229-495A93CE3554}"
EndProject
Global
	GlobalSection(SolutionConfigurationPlatforms) = preSolution
		Debug|Any CPU = Debug|Any CPU
		Release|Any CPU = Release|Any CPU
	EndGlobalSection
	GlobalSection(ProjectConfigurationPlatforms) = postSolution
		{3DAF9443-CB74-4549-8032-551259B306FB}.Debug|Any CPU.ActiveCfg = Debug|Any CPU
		{3DAF9443-CB74-4549-8032-551259B306FB}.Debug|Any CPU.Build.0 = Debug|Any CPU
		{3DAF9443-CB74-4549-8032-551259B306FB}.Release|Any CPU.ActiveCfg = Release|Any CPU
		{3DAF9443-CB74-4549-8032-551259B306FB}.Release|Any CPU.Build.0 = Release|Any CPU
		{93506C09-B06A-4498-AA93-836C22677798}.Debug|Any CPU.ActiveCfg = Debug|Any CPU
		{93506C09-B06A-4498-AA93-836C22677798}.Debug|Any CPU.Build.0 = Debug|Any CPU
		{93506C09-B06A-4498-AA93-836C22677798}.Release|Any CPU.ActiveCfg = Release|Any CPU
		{93506C09-B06A-4498-AA93-836C22677798}.Release|Any CPU.Build.0 = Release|Any CPU
		{1C607C1F-B2A8-4405-B5F9-224D8434FDA4}.Debug|Any CPU.ActiveCfg = Debug|Any CPU
		{1C607C1F-B2A8-4405-B5F9-224D8434FDA4}.Debug|Any CPU.Build.0 = Debug|Any CPU
		{1C607C1F-B2A8-4405-B5F9-224D8434FDA4}.Release|Any CPU.ActiveCfg = Release|Any CPU
		{1C607C1F-B2A8-4405-B5F9-224D8434FDA4}.Release|Any CPU.Build.0 = Release|Any CPU
		{7C35BAED-D8AB-4EF7-9B31-3D71E6531907}.Debug|Any CPU.ActiveCfg = Debug|Any CPU
		{7C35BAED-D8AB-4EF7-9B31-3D71E6531907}.Debug|Any CPU.Build.0 = Debug|Any CPU
		{7C35BAED-D8AB-4EF7-9B31-3D71E6531907}.Release|Any CPU.ActiveCfg = Release|Any CPU
		{7C35BAED-D8AB-4EF7-9B31-3D71E6531907}.Release|Any CPU.Build.0 = Release|Any CPU
		{3956560E-7AB8-4C29-8CBD-A768B09A7AB6}.Debug|Any CPU.ActiveCfg = Debug|Any CPU
		{3956560E-7AB8-4C29-8CBD-A768B09A7AB6}.Debug|Any CPU.Build.0 = Debug|Any CPU
		{3956560E-7AB8-4C29-8CBD-A768B09A7AB6}.Release|Any CPU.ActiveCfg = Release|Any CPU
		{3956560E-7AB8-4C29-8CBD-A768B09A7AB6}.Release|Any CPU.Build.0 = Release|Any CPU
		{5559CF19-AA49-4A85-9B26-1FCC78CDAFC4}.Debug|Any CPU.ActiveCfg = Debug|Any CPU
		{5559CF19-AA49-4A85-9B26-1FCC78CDAFC4}.Debug|Any CPU.Build.0 = Debug|Any CPU
		{5559CF19-AA49-4A85-9B26-1FCC78CDAFC4}.Release|Any CPU.ActiveCfg = Release|Any CPU
		{5559CF19-AA49-4A85-9B26-1FCC78CDAFC4}.Release|Any CPU.Build.0 = Release|Any CPU
		{D8B3A391-332F-4EC9-91B9-C857ECB38FD9}.Debug|Any CPU.ActiveCfg = Debug|Any CPU
		{D8B3A391-332F-4EC9-91B9-C857ECB38FD9}.Debug|Any CPU.Build.0 = Debug|Any CPU
		{D8B3A391-332F-4EC9-91B9-C857ECB38FD9}.Release|Any CPU.ActiveCfg = Release|Any CPU
		{D8B3A391-332F-4EC9-91B9-C857ECB38FD9}.Release|Any CPU.Build.0 = Release|Any CPU
		{DB034198-8794-4A9D-89AC-E4057E5B9E41}.Debug|Any CPU.ActiveCfg = Debug|Any CPU
		{DB034198-8794-4A9D-89AC-E4057E5B9E41}.Debug|Any CPU.Build.0 = Debug|Any CPU
		{DB034198-8794-4A9D-89AC-E4057E5B9E41}.Release|Any CPU.ActiveCfg = Release|Any CPU
		{DB034198-8794-4A9D-89AC-E4057E5B9E41}.Release|Any CPU.Build.0 = Release|Any CPU
		{A1567276-A0D4-40B8-AAAC-91C9954D07D6}.Debug|Any CPU.ActiveCfg = Debug|Any CPU
		{A1567276-A0D4-40B8-AAAC-91C9954D07D6}.Debug|Any CPU.Build.0 = Debug|Any CPU
		{A1567276-A0D4-40B8-AAAC-91C9954D07D6}.Release|Any CPU.ActiveCfg = Release|Any CPU
		{A1567276-A0D4-40B8-AAAC-91C9954D07D6}.Release|Any CPU.Build.0 = Release|Any CPU
		{FE24F92E-0149-45EE-B47C-455528237598}.Debug|Any CPU.ActiveCfg = Debug|Any CPU
		{FE24F92E-0149-45EE-B47C-455528237598}.Debug|Any CPU.Build.0 = Debug|Any CPU
		{FE24F92E-0149-45EE-B47C-455528237598}.Release|Any CPU.ActiveCfg = Release|Any CPU
		{FE24F92E-0149-45EE-B47C-455528237598}.Release|Any CPU.Build.0 = Release|Any CPU
		{8D86F478-8F8E-4016-92B3-8009AEDB9E22}.Debug|Any CPU.ActiveCfg = Debug|Any CPU
		{8D86F478-8F8E-4016-92B3-8009AEDB9E22}.Debug|Any CPU.Build.0 = Debug|Any CPU
		{8D86F478-8F8E-4016-92B3-8009AEDB9E22}.Release|Any CPU.ActiveCfg = Release|Any CPU
		{8D86F478-8F8E-4016-92B3-8009AEDB9E22}.Release|Any CPU.Build.0 = Release|Any CPU
		{F968D521-992F-4DEA-A507-2163895DC6BD}.Debug|Any CPU.ActiveCfg = Debug|Any CPU
		{F968D521-992F-4DEA-A507-2163895DC6BD}.Debug|Any CPU.Build.0 = Debug|Any CPU
		{F968D521-992F-4DEA-A507-2163895DC6BD}.Release|Any CPU.ActiveCfg = Release|Any CPU
		{F968D521-992F-4DEA-A507-2163895DC6BD}.Release|Any CPU.Build.0 = Release|Any CPU
		{93F796DA-1FC7-41BD-B6D0-428540648863}.Debug|Any CPU.ActiveCfg = Debug|Any CPU
		{93F796DA-1FC7-41BD-B6D0-428540648863}.Debug|Any CPU.Build.0 = Debug|Any CPU
		{93F796DA-1FC7-41BD-B6D0-428540648863}.Release|Any CPU.ActiveCfg = Release|Any CPU
		{93F796DA-1FC7-41BD-B6D0-428540648863}.Release|Any CPU.Build.0 = Release|Any CPU
		{6A479A82-6A3C-4F09-BB16-0AA23E5C6BF1}.Debug|Any CPU.ActiveCfg = Debug|Any CPU
		{6A479A82-6A3C-4F09-BB16-0AA23E5C6BF1}.Debug|Any CPU.Build.0 = Debug|Any CPU
		{6A479A82-6A3C-4F09-BB16-0AA23E5C6BF1}.Release|Any CPU.ActiveCfg = Release|Any CPU
		{6A479A82-6A3C-4F09-BB16-0AA23E5C6BF1}.Release|Any CPU.Build.0 = Release|Any CPU
		{D7F3F3E5-2182-49FB-8229-495A93CE3554}.Debug|Any CPU.ActiveCfg = Debug|Any CPU
		{D7F3F3E5-2182-49FB-8229-495A93CE3554}.Debug|Any CPU.Build.0 = Debug|Any CPU
		{D7F3F3E5-2182-49FB-8229-495A93CE3554}.Release|Any CPU.ActiveCfg = Release|Any CPU
		{D7F3F3E5-2182-49FB-8229-495A93CE3554}.Release|Any CPU.Build.0 = Release|Any CPU
	EndGlobalSection
	GlobalSection(NestedProjects) = preSolution
		{1C607C1F-B2A8-4405-B5F9-224D8434FDA4} = {68F25F73-18EB-4E65-80EB-1EDCAF174DFA}
		{DB034198-8794-4A9D-89AC-E4057E5B9E41} = {68F25F73-18EB-4E65-80EB-1EDCAF174DFA}
		{8D86F478-8F8E-4016-92B3-8009AEDB9E22} = {68F25F73-18EB-4E65-80EB-1EDCAF174DFA}
		{6A479A82-6A3C-4F09-BB16-0AA23E5C6BF1} = {68F25F73-18EB-4E65-80EB-1EDCAF174DFA}
		{D8B3A391-332F-4EC9-91B9-C857ECB38FD9} = {880B2ACC-E940-4638-B640-B8DD8B123A2B}
		{5559CF19-AA49-4A85-9B26-1FCC78CDAFC4} = {880B2ACC-E940-4638-B640-B8DD8B123A2B}
		{93F796DA-1FC7-41BD-B6D0-428540648863} = {880B2ACC-E940-4638-B640-B8DD8B123A2B}
		{F968D521-992F-4DEA-A507-2163895DC6BD} = {880B2ACC-E940-4638-B640-B8DD8B123A2B}
		{FE24F92E-0149-45EE-B47C-455528237598} = {880B2ACC-E940-4638-B640-B8DD8B123A2B}
		{3DAF9443-CB74-4549-8032-551259B306FB} = {29430E48-BC3D-4BA4-812B-C4C63A83B90D}
		{3956560E-7AB8-4C29-8CBD-A768B09A7AB6} = {29430E48-BC3D-4BA4-812B-C4C63A83B90D}
		{93506C09-B06A-4498-AA93-836C22677798} = {29430E48-BC3D-4BA4-812B-C4C63A83B90D}
		{7C35BAED-D8AB-4EF7-9B31-3D71E6531907} = {0A8161D5-5BA6-4A3E-8D8B-EE76ACEDA645}
		{A1567276-A0D4-40B8-AAAC-91C9954D07D6} = {0A8161D5-5BA6-4A3E-8D8B-EE76ACEDA645}
		{D7F3F3E5-2182-49FB-8229-495A93CE3554} = {0A8161D5-5BA6-4A3E-8D8B-EE76ACEDA645}
	EndGlobalSection
EndGlobal
